
Microsoft Visual Studio Solution File, Format Version 12.00
# Visual Studio Version 16
VisualStudioVersion = 16.0.30907.101
MinimumVisualStudioVersion = 10.0.40219.1
Project("{FAE04EC0-301F-11D3-BF4B-00C04F79EFBC}") = "BookStockEntryLimitless", "odevKitapSonsuzDizi\BookStockEntryLimitless.csproj", "{E4BF3213-676D-4475-8FAF-E717E521BF1F}"
EndProject
Global
	GlobalSection(SolutionConfigurationPlatforms) = preSolution
		Debug|Any CPU = Debug|Any CPU
		Release|Any CPU = Release|Any CPU
	EndGlobalSection
	GlobalSection(ProjectConfigurationPlatforms) = postSolution
		{E4BF3213-676D-4475-8FAF-E717E521BF1F}.Debug|Any CPU.ActiveCfg = Debug|Any CPU
		{E4BF3213-676D-4475-8FAF-E717E521BF1F}.Debug|Any CPU.Build.0 = Debug|Any CPU
		{E4BF3213-676D-4475-8FAF-E717E521BF1F}.Release|Any CPU.ActiveCfg = Release|Any CPU
		{E4BF3213-676D-4475-8FAF-E717E521BF1F}.Release|Any CPU.Build.0 = Release|Any CPU
	EndGlobalSection
	GlobalSection(SolutionProperties) = preSolution
		HideSolutionNode = FALSE
	EndGlobalSection
	GlobalSection(ExtensibilityGlobals) = postSolution
		SolutionGuid = {FF282A67-DBAD-4AA4-A4FB-EEE8545DFADF}
	EndGlobalSection
EndGlobal
